// !$*UTF8*$!
{
	archiveVersion = 1;
	classes = {
	};
	objectVersion = 50;
	objects = {

/* Begin PBXBuildFile section */
		D83F555726B35EB900020B1A /* WeatherRequest.swift in Sources */ = {isa = PBXBuildFile; fileRef = D83F555626B35EB900020B1A /* WeatherRequest.swift */; };
		D8DB092426AAE0000089A290 /* AppDelegate.swift in Sources */ = {isa = PBXBuildFile; fileRef = D8DB092326AAE0000089A290 /* AppDelegate.swift */; };
		D8DB092626AAE0000089A290 /* SceneDelegate.swift in Sources */ = {isa = PBXBuildFile; fileRef = D8DB092526AAE0000089A290 /* SceneDelegate.swift */; };
		D8DB092826AAE0000089A290 /* TabBarController.swift in Sources */ = {isa = PBXBuildFile; fileRef = D8DB092726AAE0000089A290 /* TabBarController.swift */; };
		D8DB092B26AAE0000089A290 /* Main.storyboard in Resources */ = {isa = PBXBuildFile; fileRef = D8DB092926AAE0000089A290 /* Main.storyboard */; };
		D8DB092D26AAE0010089A290 /* Assets.xcassets in Resources */ = {isa = PBXBuildFile; fileRef = D8DB092C26AAE0010089A290 /* Assets.xcassets */; };
		D8DB093026AAE0010089A290 /* LaunchScreen.storyboard in Resources */ = {isa = PBXBuildFile; fileRef = D8DB092E26AAE0010089A290 /* LaunchScreen.storyboard */; };
		D8DB093826AB0FE20089A290 /* ForecastCell.swift in Sources */ = {isa = PBXBuildFile; fileRef = D8DB093726AB0FE20089A290 /* ForecastCell.swift */; };
		D8DB093A26AB316E0089A290 /* MainTabController.swift in Sources */ = {isa = PBXBuildFile; fileRef = D8DB093926AB316E0089A290 /* MainTabController.swift */; };
		D8DB093C26AB31850089A290 /* ForecastTabController.swift in Sources */ = {isa = PBXBuildFile; fileRef = D8DB093B26AB31850089A290 /* ForecastTabController.swift */; };
		D8DB093E26AB31DC0089A290 /* LocationManager.swift in Sources */ = {isa = PBXBuildFile; fileRef = D8DB093D26AB31DC0089A290 /* LocationManager.swift */; };
		D8DB094026B0781F0089A290 /* WeatherModel.swift in Sources */ = {isa = PBXBuildFile; fileRef = D8DB093F26B0781F0089A290 /* WeatherModel.swift */; };
		D8DB094226B091C30089A290 /* WeatherStorage.swift in Sources */ = {isa = PBXBuildFile; fileRef = D8DB094126B091C30089A290 /* WeatherStorage.swift */; };
		D8DB094426B1F1590089A290 /* CityLocation.swift in Sources */ = {isa = PBXBuildFile; fileRef = D8DB094326B1F1590089A290 /* CityLocation.swift */; };
/* End PBXBuildFile section */

/* Begin PBXFileReference section */
		D83F555626B35EB900020B1A /* WeatherRequest.swift */ = {isa = PBXFileReference; lastKnownFileType = sourcecode.swift; path = WeatherRequest.swift; sourceTree = "<group>"; };
		D8DB092026AAE0000089A290 /* TempDemo.app */ = {isa = PBXFileReference; explicitFileType = wrapper.application; includeInIndex = 0; path = TempDemo.app; sourceTree = BUILT_PRODUCTS_DIR; };
		D8DB092326AAE0000089A290 /* AppDelegate.swift */ = {isa = PBXFileReference; lastKnownFileType = sourcecode.swift; path = AppDelegate.swift; sourceTree = "<group>"; };
		D8DB092526AAE0000089A290 /* SceneDelegate.swift */ = {isa = PBXFileReference; lastKnownFileType = sourcecode.swift; path = SceneDelegate.swift; sourceTree = "<group>"; };
		D8DB092726AAE0000089A290 /* TabBarController.swift */ = {isa = PBXFileReference; lastKnownFileType = sourcecode.swift; path = TabBarController.swift; sourceTree = "<group>"; };
		D8DB092A26AAE0000089A290 /* Base */ = {isa = PBXFileReference; lastKnownFileType = file.storyboard; name = Base; path = Base.lproj/Main.storyboard; sourceTree = "<group>"; };
		D8DB092C26AAE0010089A290 /* Assets.xcassets */ = {isa = PBXFileReference; lastKnownFileType = folder.assetcatalog; path = Assets.xcassets; sourceTree = "<group>"; };
		D8DB092F26AAE0010089A290 /* Base */ = {isa = PBXFileReference; lastKnownFileType = file.storyboard; name = Base; path = Base.lproj/LaunchScreen.storyboard; sourceTree = "<group>"; };
		D8DB093126AAE0010089A290 /* Info.plist */ = {isa = PBXFileReference; lastKnownFileType = text.plist.xml; path = Info.plist; sourceTree = "<group>"; };
		D8DB093726AB0FE20089A290 /* ForecastCell.swift */ = {isa = PBXFileReference; lastKnownFileType = sourcecode.swift; path = ForecastCell.swift; sourceTree = "<group>"; };
		D8DB093926AB316E0089A290 /* MainTabController.swift */ = {isa = PBXFileReference; lastKnownFileType = sourcecode.swift; path = MainTabController.swift; sourceTree = "<group>"; };
		D8DB093B26AB31850089A290 /* ForecastTabController.swift */ = {isa = PBXFileReference; lastKnownFileType = sourcecode.swift; path = ForecastTabController.swift; sourceTree = "<group>"; };
		D8DB093D26AB31DC0089A290 /* LocationManager.swift */ = {isa = PBXFileReference; lastKnownFileType = sourcecode.swift; path = LocationManager.swift; sourceTree = "<group>"; };
		D8DB093F26B0781F0089A290 /* WeatherModel.swift */ = {isa = PBXFileReference; lastKnownFileType = sourcecode.swift; path = WeatherModel.swift; sourceTree = "<group>"; };
		D8DB094126B091C30089A290 /* WeatherStorage.swift */ = {isa = PBXFileReference; lastKnownFileType = sourcecode.swift; path = WeatherStorage.swift; sourceTree = "<group>"; };
		D8DB094326B1F1590089A290 /* CityLocation.swift */ = {isa = PBXFileReference; lastKnownFileType = sourcecode.swift; path = CityLocation.swift; sourceTree = "<group>"; };
/* End PBXFileReference section */

/* Begin PBXFrameworksBuildPhase section */
		D8DB091D26AAE0000089A290 /* Frameworks */ = {
			isa = PBXFrameworksBuildPhase;
			buildActionMask = 2147483647;
			files = (
			);
			runOnlyForDeploymentPostprocessing = 0;
		};
/* End PBXFrameworksBuildPhase section */

/* Begin PBXGroup section */
		D8DB091726AAE0000089A290 = {
			isa = PBXGroup;
			children = (
				D8DB092226AAE0000089A290 /* TempDemo */,
				D8DB092126AAE0000089A290 /* Products */,
			);
			sourceTree = "<group>";
		};
		D8DB092126AAE0000089A290 /* Products */ = {
			isa = PBXGroup;
			children = (
				D8DB092026AAE0000089A290 /* TempDemo.app */,
			);
			name = Products;
			sourceTree = "<group>";
		};
		D8DB092226AAE0000089A290 /* TempDemo */ = {
			isa = PBXGroup;
			children = (
				D8DB092326AAE0000089A290 /* AppDelegate.swift */,
				D8DB092526AAE0000089A290 /* SceneDelegate.swift */,
				D8DB092726AAE0000089A290 /* TabBarController.swift */,
				D8DB093926AB316E0089A290 /* MainTabController.swift */,
				D83F555626B35EB900020B1A /* WeatherRequest.swift */,
				D8DB093D26AB31DC0089A290 /* LocationManager.swift */,
				D8DB093B26AB31850089A290 /* ForecastTabController.swift */,
				D8DB093F26B0781F0089A290 /* WeatherModel.swift */,
				D8DB093726AB0FE20089A290 /* ForecastCell.swift */,
				D8DB094126B091C30089A290 /* WeatherStorage.swift */,
				D8DB094326B1F1590089A290 /* CityLocation.swift */,
				D8DB092926AAE0000089A290 /* Main.storyboard */,
				D8DB092C26AAE0010089A290 /* Assets.xcassets */,
				D8DB092E26AAE0010089A290 /* LaunchScreen.storyboard */,
				D8DB093126AAE0010089A290 /* Info.plist */,
			);
			path = TempDemo;
			sourceTree = "<group>";
		};
/* End PBXGroup section */

/* Begin PBXNativeTarget section */
		D8DB091F26AAE0000089A290 /* TempDemo */ = {
			isa = PBXNativeTarget;
			buildConfigurationList = D8DB093426AAE0010089A290 /* Build configuration list for PBXNativeTarget "TempDemo" */;
			buildPhases = (
				D8DB091C26AAE0000089A290 /* Sources */,
				D8DB091D26AAE0000089A290 /* Frameworks */,
				D8DB091E26AAE0000089A290 /* Resources */,
			);
			buildRules = (
			);
			dependencies = (
			);
			name = TempDemo;
			productName = TempDemo;
			productReference = D8DB092026AAE0000089A290 /* TempDemo.app */;
			productType = "com.apple.product-type.application";
		};
/* End PBXNativeTarget section */

/* Begin PBXProject section */
		D8DB091826AAE0000089A290 /* Project object */ = {
			isa = PBXProject;
			attributes = {
				LastSwiftUpdateCheck = 1250;
				LastUpgradeCheck = 1250;
				TargetAttributes = {
					D8DB091F26AAE0000089A290 = {
						CreatedOnToolsVersion = 12.5.1;
					};
				};
			};
			buildConfigurationList = D8DB091B26AAE0000089A290 /* Build configuration list for PBXProject "TempDemo" */;
			compatibilityVersion = "Xcode 9.3";
			developmentRegion = en;
			hasScannedForEncodings = 0;
			knownRegions = (
				en,
				Base,
			);
			mainGroup = D8DB091726AAE0000089A290;
			productRefGroup = D8DB092126AAE0000089A290 /* Products */;
			projectDirPath = "";
			projectRoot = "";
			targets = (
				D8DB091F26AAE0000089A290 /* TempDemo */,
			);
		};
/* End PBXProject section */

/* Begin PBXResourcesBuildPhase section */
		D8DB091E26AAE0000089A290 /* Resources */ = {
			isa = PBXResourcesBuildPhase;
			buildActionMask = 2147483647;
			files = (
				D8DB093026AAE0010089A290 /* LaunchScreen.storyboard in Resources */,
				D8DB092D26AAE0010089A290 /* Assets.xcassets in Resources */,
				D8DB092B26AAE0000089A290 /* Main.storyboard in Resources */,
			);
			runOnlyForDeploymentPostprocessing = 0;
		};
/* End PBXResourcesBuildPhase section */

/* Begin PBXSourcesBuildPhase section */
		D8DB091C26AAE0000089A290 /* Sources */ = {
			isa = PBXSourcesBuildPhase;
			buildActionMask = 2147483647;
			files = (
				D8DB093C26AB31850089A290 /* ForecastTabController.swift in Sources */,
				D8DB094226B091C30089A290 /* WeatherStorage.swift in Sources */,
				D8DB093826AB0FE20089A290 /* ForecastCell.swift in Sources */,
				D8DB092826AAE0000089A290 /* TabBarController.swift in Sources */,
				D8DB093E26AB31DC0089A290 /* LocationManager.swift in Sources */,
				D83F555726B35EB900020B1A /* WeatherRequest.swift in Sources */,
				D8DB093A26AB316E0089A290 /* MainTabController.swift in Sources */,
				D8DB092426AAE0000089A290 /* AppDelegate.swift in Sources */,
				D8DB094026B0781F0089A290 /* WeatherModel.swift in Sources */,
				D8DB092626AAE0000089A290 /* SceneDelegate.swift in Sources */,
				D8DB094426B1F1590089A290 /* CityLocation.swift in Sources */,
			);
			runOnlyForDeploymentPostprocessing = 0;
		};
/* End PBXSourcesBuildPhase section */

/* Begin PBXVariantGroup section */
		D8DB092926AAE0000089A290 /* Main.storyboard */ = {
			isa = PBXVariantGroup;
			children = (
				D8DB092A26AAE0000089A290 /* Base */,
			);
			name = Main.storyboard;
			sourceTree = "<group>";
		};
		D8DB092E26AAE0010089A290 /* LaunchScreen.storyboard */ = {
			isa = PBXVariantGroup;
			children = (
				D8DB092F26AAE0010089A290 /* Base */,
			);
			name = LaunchScreen.storyboard;
			sourceTree = "<group>";
		};
/* End PBXVariantGroup section */

/* Begin XCBuildConfiguration section */
		D8DB093226AAE0010089A290 /* Debug */ = {
			isa = XCBuildConfiguration;
			buildSettings = {
				ALWAYS_SEARCH_USER_PATHS = NO;
				CLANG_ANALYZER_NONNULL = YES;
				CLANG_ANALYZER_NUMBER_OBJECT_CONVERSION = YES_AGGRESSIVE;
				CLANG_CXX_LANGUAGE_STANDARD = "gnu++14";
				CLANG_CXX_LIBRARY = "libc++";
				CLANG_ENABLE_MODULES = YES;
				CLANG_ENABLE_OBJC_ARC = YES;
				CLANG_ENABLE_OBJC_WEAK = YES;
				CLANG_WARN_BLOCK_CAPTURE_AUTORELEASING = YES;
				CLANG_WARN_BOOL_CONVERSION = YES;
				CLANG_WARN_COMMA = YES;
				CLANG_WARN_CONSTANT_CONVERSION = YES;
				CLANG_WARN_DEPRECATED_OBJC_IMPLEMENTATIONS = YES;
				CLANG_WARN_DIRECT_OBJC_ISA_USAGE = YES_ERROR;
				CLANG_WARN_DOCUMENTATION_COMMENTS = YES;
				CLANG_WARN_EMPTY_BODY = YES;
				CLANG_WARN_ENUM_CONVERSION = YES;
				CLANG_WARN_INFINITE_RECURSION = YES;
				CLANG_WARN_INT_CONVERSION = YES;
				CLANG_WARN_NON_LITERAL_NULL_CONVERSION = YES;
				CLANG_WARN_OBJC_IMPLICIT_RETAIN_SELF = YES;
				CLANG_WARN_OBJC_LITERAL_CONVERSION = YES;
				CLANG_WARN_OBJC_ROOT_CLASS = YES_ERROR;
				CLANG_WARN_QUOTED_INCLUDE_IN_FRAMEWORK_HEADER = YES;
				CLANG_WARN_RANGE_LOOP_ANALYSIS = YES;
				CLANG_WARN_STRICT_PROTOTYPES = YES;
				CLANG_WARN_SUSPICIOUS_MOVE = YES;
				CLANG_WARN_UNGUARDED_AVAILABILITY = YES_AGGRESSIVE;
				CLANG_WARN_UNREACHABLE_CODE = YES;
				CLANG_WARN__DUPLICATE_METHOD_MATCH = YES;
				COPY_PHASE_STRIP = NO;
				DEBUG_INFORMATION_FORMAT = dwarf;
				ENABLE_STRICT_OBJC_MSGSEND = YES;
				ENABLE_TESTABILITY = YES;
				GCC_C_LANGUAGE_STANDARD = gnu11;
				GCC_DYNAMIC_NO_PIC = NO;
				GCC_NO_COMMON_BLOCKS = YES;
				GCC_OPTIMIZATION_LEVEL = 0;
				GCC_PREPROCESSOR_DEFINITIONS = (
					"DEBUG=1",
					"$(inherited)",
				);
				GCC_WARN_64_TO_32_BIT_CONVERSION = YES;
				GCC_WARN_ABOUT_RETURN_TYPE = YES_ERROR;
				GCC_WARN_UNDECLARED_SELECTOR = YES;
				GCC_WARN_UNINITIALIZED_AUTOS = YES_AGGRESSIVE;
				GCC_WARN_UNUSED_FUNCTION = YES;
				GCC_WARN_UNUSED_VARIABLE = YES;
				IPHONEOS_DEPLOYMENT_TARGET = 14.5;
				MTL_ENABLE_DEBUG_INFO = INCLUDE_SOURCE;
				MTL_FAST_MATH = YES;
				ONLY_ACTIVE_ARCH = YES;
				SDKROOT = iphoneos;
				SWIFT_ACTIVE_COMPILATION_CONDITIONS = DEBUG;
				SWIFT_OPTIMIZATION_LEVEL = "-Onone";
			};
			name = Debug;
		};
		D8DB093326AAE0010089A290 /* Release */ = {
			isa = XCBuildConfiguration;
			buildSettings = {
				ALWAYS_SEARCH_USER_PATHS = NO;
				CLANG_ANALYZER_NONNULL = YES;
				CLANG_ANALYZER_NUMBER_OBJECT_CONVERSION = YES_AGGRESSIVE;
				CLANG_CXX_LANGUAGE_STANDARD = "gnu++14";
				CLANG_CXX_LIBRARY = "libc++";
				CLANG_ENABLE_MODULES = YES;
				CLANG_ENABLE_OBJC_ARC = YES;
				CLANG_ENABLE_OBJC_WEAK = YES;
				CLANG_WARN_BLOCK_CAPTURE_AUTORELEASING = YES;
				CLANG_WARN_BOOL_CONVERSION = YES;
				CLANG_WARN_COMMA = YES;
				CLANG_WARN_CONSTANT_CONVERSION = YES;
				CLANG_WARN_DEPRECATED_OBJC_IMPLEMENTATIONS = YES;
				CLANG_WARN_DIRECT_OBJC_ISA_USAGE = YES_ERROR;
				CLANG_WARN_DOCUMENTATION_COMMENTS = YES;
				CLANG_WARN_EMPTY_BODY = YES;
				CLANG_WARN_ENUM_CONVERSION = YES;
				CLANG_WARN_INFINITE_RECURSION = YES;
				CLANG_WARN_INT_CONVERSION = YES;
				CLANG_WARN_NON_LITERAL_NULL_CONVERSION = YES;
				CLANG_WARN_OBJC_IMPLICIT_RETAIN_SELF = YES;
				CLANG_WARN_OBJC_LITERAL_CONVERSION = YES;
				CLANG_WARN_OBJC_ROOT_CLASS = YES_ERROR;
				CLANG_WARN_QUOTED_INCLUDE_IN_FRAMEWORK_HEADER = YES;
				CLANG_WARN_RANGE_LOOP_ANALYSIS = YES;
				CLANG_WARN_STRICT_PROTOTYPES = YES;
				CLANG_WARN_SUSPICIOUS_MOVE = YES;
				CLANG_WARN_UNGUARDED_AVAILABILITY = YES_AGGRESSIVE;
				CLANG_WARN_UNREACHABLE_CODE = YES;
				CLANG_WARN__DUPLICATE_METHOD_MATCH = YES;
				COPY_PHASE_STRIP = NO;
				DEBUG_INFORMATION_FORMAT = "dwarf-with-dsym";
				ENABLE_NS_ASSERTIONS = NO;
				ENABLE_STRICT_OBJC_MSGSEND = YES;
				GCC_C_LANGUAGE_STANDARD = gnu11;
				GCC_NO_COMMON_BLOCKS = YES;
				GCC_WARN_64_TO_32_BIT_CONVERSION = YES;
				GCC_WARN_ABOUT_RETURN_TYPE = YES_ERROR;
				GCC_WARN_UNDECLARED_SELECTOR = YES;
				GCC_WARN_UNINITIALIZED_AUTOS = YES_AGGRESSIVE;
				GCC_WARN_UNUSED_FUNCTION = YES;
				GCC_WARN_UNUSED_VARIABLE = YES;
				IPHONEOS_DEPLOYMENT_TARGET = 14.5;
				MTL_ENABLE_DEBUG_INFO = NO;
				MTL_FAST_MATH = YES;
				SDKROOT = iphoneos;
				SWIFT_COMPILATION_MODE = wholemodule;
				SWIFT_OPTIMIZATION_LEVEL = "-O";
				VALIDATE_PRODUCT = YES;
			};
			name = Release;
		};
		D8DB093526AAE0010089A290 /* Debug */ = {
			isa = XCBuildConfiguration;
			buildSettings = {
				ASSETCATALOG_COMPILER_APPICON_NAME = AppIcon;
				ASSETCATALOG_COMPILER_GLOBAL_ACCENT_COLOR_NAME = AccentColor;
				CODE_SIGN_STYLE = Automatic;
				DEVELOPMENT_TEAM = 258TB29WH6;
				INFOPLIST_FILE = TempDemo/Info.plist;
				IPHONEOS_DEPLOYMENT_TARGET = 12.1;
				LD_RUNPATH_SEARCH_PATHS = (
					"$(inherited)",
					"@executable_path/Frameworks",
				);
				PRODUCT_BUNDLE_IDENTIFIER = demo.table.TempDemo;
				PRODUCT_NAME = "$(TARGET_NAME)";
				SWIFT_VERSION = 5.0;
				TARGETED_DEVICE_FAMILY = "1,2";
			};
			name = Debug;
		};
		D8DB093626AAE0010089A290 /* Release */ = {
			isa = XCBuildConfiguration;
			buildSettings = {
				ASSETCATALOG_COMPILER_APPICON_NAME = AppIcon;
				ASSETCATALOG_COMPILER_GLOBAL_ACCENT_COLOR_NAME = AccentColor;
				CODE_SIGN_STYLE = Automatic;
				DEVELOPMENT_TEAM = 258TB29WH6;
				INFOPLIST_FILE = TempDemo/Info.plist;
				IPHONEOS_DEPLOYMENT_TARGET = 12.1;
				LD_RUNPATH_SEARCH_PATHS = (
					"$(inherited)",
					"@executable_path/Frameworks",
				);
				PRODUCT_BUNDLE_IDENTIFIER = demo.table.TempDemo;
				PRODUCT_NAME = "$(TARGET_NAME)";
				SWIFT_VERSION = 5.0;
				TARGETED_DEVICE_FAMILY = "1,2";
			};
			name = Release;
		};
/* End XCBuildConfiguration section */

/* Begin XCConfigurationList section */
		D8DB091B26AAE0000089A290 /* Build configuration list for PBXProject "TempDemo" */ = {
			isa = XCConfigurationList;
			buildConfigurations = (
				D8DB093226AAE0010089A290 /* Debug */,
				D8DB093326AAE0010089A290 /* Release */,
			);
			defaultConfigurationIsVisible = 0;
			defaultConfigurationName = Release;
		};
		D8DB093426AAE0010089A290 /* Build configuration list for PBXNativeTarget "TempDemo" */ = {
			isa = XCConfigurationList;
			buildConfigurations = (
				D8DB093526AAE0010089A290 /* Debug */,
				D8DB093626AAE0010089A290 /* Release */,
			);
			defaultConfigurationIsVisible = 0;
			defaultConfigurationName = Release;
		};
/* End XCConfigurationList section */
	};
	rootObject = D8DB091826AAE0000089A290 /* Project object */;
}
